
Microsoft Visual Studio Solution File, Format Version 12.00
# Visual Studio Version 17
VisualStudioVersion = 17.8.34408.163
MinimumVisualStudioVersion = 10.0.40219.1
Project("{FAE04EC0-301F-11D3-BF4B-00C04F79EFBC}") = "A06", "A06\A06.csproj", "{F1551628-26A5-4001-BF6C-F26FBDA033B0}"
EndProject
Global
	GlobalSection(SolutionConfigurationPlatforms) = preSolution
		Debug|Any CPU = Debug|Any CPU
		Release|Any CPU = Release|Any CPU
	EndGlobalSection
	GlobalSection(ProjectConfigurationPlatforms) = postSolution
		{F1551628-26A5-4001-BF6C-F26FBDA033B0}.Debug|Any CPU.ActiveCfg = Debug|Any CPU
		{F1551628-26A5-4001-BF6C-F26FBDA033B0}.Debug|Any CPU.Build.0 = Debug|Any CPU
		{F1551628-26A5-4001-BF6C-F26FBDA033B0}.Release|Any CPU.ActiveCfg = Release|Any CPU
		{F1551628-26A5-4001-BF6C-F26FBDA033B0}.Release|Any CPU.Build.0 = Release|Any CPU
	EndGlobalSection
	GlobalSection(SolutionProperties) = preSolution
		HideSolutionNode = FALSE
	EndGlobalSection
	GlobalSection(ExtensibilityGlobals) = postSolution
		SolutionGuid = {65009DED-2E05-4C6A-984A-30DD905A1DE7}
	EndGlobalSection
EndGlobal
